
Microsoft Visual Studio Solution File, Format Version 12.00
# Visual Studio Version 17
VisualStudioVersion = 17.4.33110.190
MinimumVisualStudioVersion = 10.0.40219.1
Project("{FAE04EC0-301F-11D3-BF4B-00C04F79EFBC}") = "OtusEducationHomework8", "OtusEducationHomework8.csproj", "{B38D304E-6D73-4C05-9BE0-E645BE23B1C9}"
EndProject
Global
	GlobalSection(SolutionConfigurationPlatforms) = preSolution
		Debug|Any CPU = Debug|Any CPU
		Release|Any CPU = Release|Any CPU
	EndGlobalSection
	GlobalSection(ProjectConfigurationPlatforms) = postSolution
		{B38D304E-6D73-4C05-9BE0-E645BE23B1C9}.Debug|Any CPU.ActiveCfg = Debug|Any CPU
		{B38D304E-6D73-4C05-9BE0-E645BE23B1C9}.Debug|Any CPU.Build.0 = Debug|Any CPU
		{B38D304E-6D73-4C05-9BE0-E645BE23B1C9}.Release|Any CPU.ActiveCfg = Release|Any CPU
		{B38D304E-6D73-4C05-9BE0-E645BE23B1C9}.Release|Any CPU.Build.0 = Release|Any CPU
	EndGlobalSection
	GlobalSection(SolutionProperties) = preSolution
		HideSolutionNode = FALSE
	EndGlobalSection
	GlobalSection(ExtensibilityGlobals) = postSolution
		SolutionGuid = {174F7368-78A1-48A6-A023-1E5A170C3C41}
	EndGlobalSection
EndGlobal
